// !$*UTF8*$!
{
	archiveVersion = 1;
	classes = {
	};
	objectVersion = 46;
	objects = {

/* Begin PBXBuildFile section */
		2D3756C91BC9494800009DC1 /* AppDelegate.swift in Sources */ = {isa = PBXBuildFile; fileRef = 2D3756C81BC9494800009DC1 /* AppDelegate.swift */; };
		2D3756CB1BC9494800009DC1 /* ViewController.swift in Sources */ = {isa = PBXBuildFile; fileRef = 2D3756CA1BC9494800009DC1 /* ViewController.swift */; };
		2D3756CE1BC9494800009DC1 /* Main.storyboard in Resources */ = {isa = PBXBuildFile; fileRef = 2D3756CC1BC9494800009DC1 /* Main.storyboard */; };
		2D3756D01BC9494800009DC1 /* Assets.xcassets in Resources */ = {isa = PBXBuildFile; fileRef = 2D3756CF1BC9494800009DC1 /* Assets.xcassets */; };
		2D3756D31BC9494800009DC1 /* LaunchScreen.storyboard in Resources */ = {isa = PBXBuildFile; fileRef = 2D3756D11BC9494800009DC1 /* LaunchScreen.storyboard */; };
		2D3756DE1BC9494800009DC1 /* SliderButtonsAppTests.swift in Sources */ = {isa = PBXBuildFile; fileRef = 2D3756DD1BC9494800009DC1 /* SliderButtonsAppTests.swift */; };
		2D3756FB1BC94CED00009DC1 /* DeviceTableViewCell.swift in Sources */ = {isa = PBXBuildFile; fileRef = 2D3756FA1BC94CED00009DC1 /* DeviceTableViewCell.swift */; };
		2D3756FF1BC954FD00009DC1 /* DeviceTableViewController.swift in Sources */ = {isa = PBXBuildFile; fileRef = 2D3756FE1BC954FD00009DC1 /* DeviceTableViewController.swift */; };
		2D3757011BC9569700009DC1 /* Device.swift in Sources */ = {isa = PBXBuildFile; fileRef = 2D3757001BC9569700009DC1 /* Device.swift */; };
		2DA1FD9F1C133DAF000BAB97 /* XCGLogger.framework in Frameworks */ = {isa = PBXBuildFile; fileRef = 2DA1FD9E1C133DAF000BAB97 /* XCGLogger.framework */; };
		2DA1FDA01C133DAF000BAB97 /* XCGLogger.framework in Embed Frameworks */ = {isa = PBXBuildFile; fileRef = 2DA1FD9E1C133DAF000BAB97 /* XCGLogger.framework */; settings = {ATTRIBUTES = (CodeSignOnCopy, RemoveHeadersOnCopy, ); }; };
		2DA6F1C31BEE4C4D00601823 /* PeripheralNotifiable.swift in Sources */ = {isa = PBXBuildFile; fileRef = 2DA6F1C21BEE4C4D00601823 /* PeripheralNotifiable.swift */; };
		2DD7F5ED1BF771C2003E337E /* DevicesList.swift in Sources */ = {isa = PBXBuildFile; fileRef = 2DD7F5EC1BF771C2003E337E /* DevicesList.swift */; };
		2DD7F5EF1BF7729E003E337E /* DevicesListTest.swift in Sources */ = {isa = PBXBuildFile; fileRef = 2DD7F5EE1BF7729E003E337E /* DevicesListTest.swift */; };
		2DD7F6021BF780A6003E337E /* DevicesList.swift in Sources */ = {isa = PBXBuildFile; fileRef = 2DD7F5EC1BF771C2003E337E /* DevicesList.swift */; };
		2DD7F6031BF789FB003E337E /* PeripheralNotifiable.swift in Sources */ = {isa = PBXBuildFile; fileRef = 2DA6F1C21BEE4C4D00601823 /* PeripheralNotifiable.swift */; };
		2DD7F6041BF78A1E003E337E /* Device.swift in Sources */ = {isa = PBXBuildFile; fileRef = 2D3757001BC9569700009DC1 /* Device.swift */; };
		2DF7D0501BEE3A6200D2A718 /* BLEManager.swift in Sources */ = {isa = PBXBuildFile; fileRef = 2DF7D04F1BEE3A6200D2A718 /* BLEManager.swift */; };
		2DF7D0521BEE3A9A00D2A718 /* BLEHandler.swift in Sources */ = {isa = PBXBuildFile; fileRef = 2DF7D0511BEE3A9A00D2A718 /* BLEHandler.swift */; };
/* End PBXBuildFile section */

/* Begin PBXContainerItemProxy section */
		2D3756DA1BC9494800009DC1 /* PBXContainerItemProxy */ = {
			isa = PBXContainerItemProxy;
			containerPortal = 2D3756BD1BC9494800009DC1 /* Project object */;
			proxyType = 1;
			remoteGlobalIDString = 2D3756C41BC9494800009DC1;
			remoteInfo = SliderButtonsApp;
		};
/* End PBXContainerItemProxy section */

/* Begin PBXCopyFilesBuildPhase section */
		2DA1FDA11C133DAF000BAB97 /* Embed Frameworks */ = {
			isa = PBXCopyFilesBuildPhase;
			buildActionMask = 2147483647;
			dstPath = "";
			dstSubfolderSpec = 10;
			files = (
				2DA1FDA01C133DAF000BAB97 /* XCGLogger.framework in Embed Frameworks */,
			);
			name = "Embed Frameworks";
			runOnlyForDeploymentPostprocessing = 0;
		};
/* End PBXCopyFilesBuildPhase section */

/* Begin PBXFileReference section */
		2D3756C51BC9494800009DC1 /* SliderButtonsApp.app */ = {isa = PBXFileReference; explicitFileType = wrapper.application; includeInIndex = 0; path = SliderButtonsApp.app; sourceTree = BUILT_PRODUCTS_DIR; };
		2D3756C81BC9494800009DC1 /* AppDelegate.swift */ = {isa = PBXFileReference; lastKnownFileType = sourcecode.swift; path = AppDelegate.swift; sourceTree = "<group>"; };
		2D3756CA1BC9494800009DC1 /* ViewController.swift */ = {isa = PBXFileReference; lastKnownFileType = sourcecode.swift; path = ViewController.swift; sourceTree = "<group>"; };
		2D3756CD1BC9494800009DC1 /* Base */ = {isa = PBXFileReference; lastKnownFileType = file.storyboard; name = Base; path = Base.lproj/Main.storyboard; sourceTree = "<group>"; };
		2D3756CF1BC9494800009DC1 /* Assets.xcassets */ = {isa = PBXFileReference; lastKnownFileType = folder.assetcatalog; path = Assets.xcassets; sourceTree = "<group>"; };
		2D3756D21BC9494800009DC1 /* Base */ = {isa = PBXFileReference; lastKnownFileType = file.storyboard; name = Base; path = Base.lproj/LaunchScreen.storyboard; sourceTree = "<group>"; };
		2D3756D41BC9494800009DC1 /* Info.plist */ = {isa = PBXFileReference; lastKnownFileType = text.plist.xml; path = Info.plist; sourceTree = "<group>"; };
		2D3756D91BC9494800009DC1 /* SliderButtonsAppTests.xctest */ = {isa = PBXFileReference; explicitFileType = wrapper.cfbundle; includeInIndex = 0; path = SliderButtonsAppTests.xctest; sourceTree = BUILT_PRODUCTS_DIR; };
		2D3756DD1BC9494800009DC1 /* SliderButtonsAppTests.swift */ = {isa = PBXFileReference; lastKnownFileType = sourcecode.swift; path = SliderButtonsAppTests.swift; sourceTree = "<group>"; };
		2D3756DF1BC9494800009DC1 /* Info.plist */ = {isa = PBXFileReference; lastKnownFileType = text.plist.xml; path = Info.plist; sourceTree = "<group>"; };
		2D3756E81BC9494800009DC1 /* SliderButtonsAppUITests.swift */ = {isa = PBXFileReference; lastKnownFileType = sourcecode.swift; path = SliderButtonsAppUITests.swift; sourceTree = "<group>"; };
		2D3756EA1BC9494800009DC1 /* Info.plist */ = {isa = PBXFileReference; lastKnownFileType = text.plist.xml; path = Info.plist; sourceTree = "<group>"; };
		2D3756FA1BC94CED00009DC1 /* DeviceTableViewCell.swift */ = {isa = PBXFileReference; fileEncoding = 4; lastKnownFileType = sourcecode.swift; path = DeviceTableViewCell.swift; sourceTree = "<group>"; };
		2D3756FE1BC954FD00009DC1 /* DeviceTableViewController.swift */ = {isa = PBXFileReference; fileEncoding = 4; lastKnownFileType = sourcecode.swift; path = DeviceTableViewController.swift; sourceTree = "<group>"; };
		2D3757001BC9569700009DC1 /* Device.swift */ = {isa = PBXFileReference; fileEncoding = 4; lastKnownFileType = sourcecode.swift; path = Device.swift; sourceTree = "<group>"; };
		2DA1FD9E1C133DAF000BAB97 /* XCGLogger.framework */ = {isa = PBXFileReference; explicitFileType = wrapper.framework; name = XCGLogger.framework; path = "/Users/phiber/Library/Developer/Xcode/DerivedData/SliderButtonsWorkspace-borsabhzwsqfsacodxfguexrtedu/Build/Products/Debug-iphoneos/XCGLogger.framework"; sourceTree = "<absolute>"; };
		2DA6C9E41C00B56D00891774 /* XCGLogger.framework */ = {isa = PBXFileReference; explicitFileType = wrapper.framework; name = XCGLogger.framework; path = "/Users/phiber/Library/Developer/Xcode/DerivedData/SliderButtonsWorkspace-acatfllnlgkhjlaouzxiihygraoc/Build/Products/Debug-iphoneos/XCGLogger.framework"; sourceTree = "<absolute>"; };
		2DA6F1C21BEE4C4D00601823 /* PeripheralNotifiable.swift */ = {isa = PBXFileReference; fileEncoding = 4; lastKnownFileType = sourcecode.swift; path = PeripheralNotifiable.swift; sourceTree = "<group>"; };
		2DD7F5EC1BF771C2003E337E /* DevicesList.swift */ = {isa = PBXFileReference; fileEncoding = 4; lastKnownFileType = sourcecode.swift; path = DevicesList.swift; sourceTree = "<group>"; };
		2DD7F5EE1BF7729E003E337E /* DevicesListTest.swift */ = {isa = PBXFileReference; fileEncoding = 4; lastKnownFileType = sourcecode.swift; name = DevicesListTest.swift; path = SliderButtonsAppTests/DevicesListTest.swift; sourceTree = SOURCE_ROOT; };
		2DF7D04F1BEE3A6200D2A718 /* BLEManager.swift */ = {isa = PBXFileReference; fileEncoding = 4; lastKnownFileType = sourcecode.swift; path = BLEManager.swift; sourceTree = "<group>"; };
		2DF7D0511BEE3A9A00D2A718 /* BLEHandler.swift */ = {isa = PBXFileReference; fileEncoding = 4; lastKnownFileType = sourcecode.swift; path = BLEHandler.swift; sourceTree = "<group>"; };
/* End PBXFileReference section */

/* Begin PBXFrameworksBuildPhase section */
		2D3756C21BC9494800009DC1 /* Frameworks */ = {
			isa = PBXFrameworksBuildPhase;
			buildActionMask = 2147483647;
			files = (
				2DA1FD9F1C133DAF000BAB97 /* XCGLogger.framework in Frameworks */,
			);
			runOnlyForDeploymentPostprocessing = 0;
		};
		2D3756D61BC9494800009DC1 /* Frameworks */ = {
			isa = PBXFrameworksBuildPhase;
			buildActionMask = 2147483647;
			files = (
			);
			runOnlyForDeploymentPostprocessing = 0;
		};
/* End PBXFrameworksBuildPhase section */

/* Begin PBXGroup section */
		2D3756BC1BC9494800009DC1 = {
			isa = PBXGroup;
			children = (
				2DA1FD9E1C133DAF000BAB97 /* XCGLogger.framework */,
				2DA6C9E41C00B56D00891774 /* XCGLogger.framework */,
				2D3756C71BC9494800009DC1 /* SliderButtonsApp */,
				2D3756DC1BC9494800009DC1 /* SliderButtonsAppTests */,
				2D3756E71BC9494800009DC1 /* SliderButtonsAppUITests */,
				2D3756C61BC9494800009DC1 /* Products */,
			);
			sourceTree = "<group>";
		};
		2D3756C61BC9494800009DC1 /* Products */ = {
			isa = PBXGroup;
			children = (
				2D3756C51BC9494800009DC1 /* SliderButtonsApp.app */,
				2D3756D91BC9494800009DC1 /* SliderButtonsAppTests.xctest */,
			);
			name = Products;
			sourceTree = "<group>";
		};
		2D3756C71BC9494800009DC1 /* SliderButtonsApp */ = {
			isa = PBXGroup;
			children = (
				2D3756C81BC9494800009DC1 /* AppDelegate.swift */,
				2D3756CA1BC9494800009DC1 /* ViewController.swift */,
				2D3756CC1BC9494800009DC1 /* Main.storyboard */,
				2D3756CF1BC9494800009DC1 /* Assets.xcassets */,
				2D3756D11BC9494800009DC1 /* LaunchScreen.storyboard */,
				2D3756D41BC9494800009DC1 /* Info.plist */,
				2D3756FA1BC94CED00009DC1 /* DeviceTableViewCell.swift */,
				2D3756FE1BC954FD00009DC1 /* DeviceTableViewController.swift */,
				2DD7F5EB1BF77171003E337E /* devices */,
				2DD7F5E81BF770E6003E337E /* ble */,
			);
			path = SliderButtonsApp;
			sourceTree = "<group>";
		};
		2D3756DC1BC9494800009DC1 /* SliderButtonsAppTests */ = {
			isa = PBXGroup;
			children = (
				2DD7F5F31BF772E2003E337E /* devices */,
				2D3756DD1BC9494800009DC1 /* SliderButtonsAppTests.swift */,
				2D3756DF1BC9494800009DC1 /* Info.plist */,
			);
			path = SliderButtonsAppTests;
			sourceTree = "<group>";
		};
		2D3756E71BC9494800009DC1 /* SliderButtonsAppUITests */ = {
			isa = PBXGroup;
			children = (
				2D3756E81BC9494800009DC1 /* SliderButtonsAppUITests.swift */,
				2D3756EA1BC9494800009DC1 /* Info.plist */,
			);
			path = SliderButtonsAppUITests;
			sourceTree = "<group>";
		};
		2DD7F5E81BF770E6003E337E /* ble */ = {
			isa = PBXGroup;
			children = (
				2DF7D0511BEE3A9A00D2A718 /* BLEHandler.swift */,
				2DF7D04F1BEE3A6200D2A718 /* BLEManager.swift */,
				2DA6F1C21BEE4C4D00601823 /* PeripheralNotifiable.swift */,
			);
			name = ble;
			sourceTree = "<group>";
		};
		2DD7F5EB1BF77171003E337E /* devices */ = {
			isa = PBXGroup;
			children = (
				2DD7F5EC1BF771C2003E337E /* DevicesList.swift */,
				2D3757001BC9569700009DC1 /* Device.swift */,
			);
			name = devices;
			sourceTree = "<group>";
		};
		2DD7F5F31BF772E2003E337E /* devices */ = {
			isa = PBXGroup;
			children = (
				2DD7F5EE1BF7729E003E337E /* DevicesListTest.swift */,
			);
			name = devices;
			sourceTree = "<group>";
		};
/* End PBXGroup section */

/* Begin PBXNativeTarget section */
		2D3756C41BC9494800009DC1 /* SliderButtonsApp */ = {
			isa = PBXNativeTarget;
			buildConfigurationList = 2D3756ED1BC9494800009DC1 /* Build configuration list for PBXNativeTarget "SliderButtonsApp" */;
			buildPhases = (
				2D3756C11BC9494800009DC1 /* Sources */,
				2D3756C21BC9494800009DC1 /* Frameworks */,
				2D3756C31BC9494800009DC1 /* Resources */,
				2DA1FDA11C133DAF000BAB97 /* Embed Frameworks */,
			);
			buildRules = (
			);
			dependencies = (
			);
			name = SliderButtonsApp;
			productName = SliderButtonsApp;
			productReference = 2D3756C51BC9494800009DC1 /* SliderButtonsApp.app */;
			productType = "com.apple.product-type.application";
		};
		2D3756D81BC9494800009DC1 /* SliderButtonsAppTests */ = {
			isa = PBXNativeTarget;
			buildConfigurationList = 2D3756F01BC9494800009DC1 /* Build configuration list for PBXNativeTarget "SliderButtonsAppTests" */;
			buildPhases = (
				2D3756D51BC9494800009DC1 /* Sources */,
				2D3756D61BC9494800009DC1 /* Frameworks */,
				2D3756D71BC9494800009DC1 /* Resources */,
			);
			buildRules = (
			);
			dependencies = (
				2D3756DB1BC9494800009DC1 /* PBXTargetDependency */,
			);
			name = SliderButtonsAppTests;
			productName = SliderButtonsAppTests;
			productReference = 2D3756D91BC9494800009DC1 /* SliderButtonsAppTests.xctest */;
			productType = "com.apple.product-type.bundle.unit-test";
		};
/* End PBXNativeTarget section */

/* Begin PBXProject section */
		2D3756BD1BC9494800009DC1 /* Project object */ = {
			isa = PBXProject;
			attributes = {
				LastSwiftUpdateCheck = 0710;
				LastUpgradeCheck = 0700;
				ORGANIZATIONNAME = "Philipp Berger";
				TargetAttributes = {
					2D3756C41BC9494800009DC1 = {
						CreatedOnToolsVersion = 7.0.1;
						DevelopmentTeam = 9UY72672S3;
					};
					2D3756D81BC9494800009DC1 = {
						CreatedOnToolsVersion = 7.0.1;
						TestTargetID = 2D3756C41BC9494800009DC1;
					};
				};
			};
			buildConfigurationList = 2D3756C01BC9494800009DC1 /* Build configuration list for PBXProject "SliderButtonsApp" */;
			compatibilityVersion = "Xcode 3.2";
			developmentRegion = English;
			hasScannedForEncodings = 0;
			knownRegions = (
				en,
				Base,
			);
			mainGroup = 2D3756BC1BC9494800009DC1;
			productRefGroup = 2D3756C61BC9494800009DC1 /* Products */;
			projectDirPath = "";
			projectRoot = "";
			targets = (
				2D3756C41BC9494800009DC1 /* SliderButtonsApp */,
				2D3756D81BC9494800009DC1 /* SliderButtonsAppTests */,
			);
		};
/* End PBXProject section */

/* Begin PBXResourcesBuildPhase section */
		2D3756C31BC9494800009DC1 /* Resources */ = {
			isa = PBXResourcesBuildPhase;
			buildActionMask = 2147483647;
			files = (
				2D3756D31BC9494800009DC1 /* LaunchScreen.storyboard in Resources */,
				2D3756D01BC9494800009DC1 /* Assets.xcassets in Resources */,
				2D3756CE1BC9494800009DC1 /* Main.storyboard in Resources */,
			);
			runOnlyForDeploymentPostprocessing = 0;
		};
		2D3756D71BC9494800009DC1 /* Resources */ = {
			isa = PBXResourcesBuildPhase;
			buildActionMask = 2147483647;
			files = (
			);
			runOnlyForDeploymentPostprocessing = 0;
		};
/* End PBXResourcesBuildPhase section */

/* Begin PBXSourcesBuildPhase section */
		2D3756C11BC9494800009DC1 /* Sources */ = {
			isa = PBXSourcesBuildPhase;
			buildActionMask = 2147483647;
			files = (
				2D3756CB1BC9494800009DC1 /* ViewController.swift in Sources */,
				2DF7D0501BEE3A6200D2A718 /* BLEManager.swift in Sources */,
				2D3756FF1BC954FD00009DC1 /* DeviceTableViewController.swift in Sources */,
				2DF7D0521BEE3A9A00D2A718 /* BLEHandler.swift in Sources */,
				2D3756FB1BC94CED00009DC1 /* DeviceTableViewCell.swift in Sources */,
				2D3756C91BC9494800009DC1 /* AppDelegate.swift in Sources */,
				2DA6F1C31BEE4C4D00601823 /* PeripheralNotifiable.swift in Sources */,
				2D3757011BC9569700009DC1 /* Device.swift in Sources */,
				2DD7F5ED1BF771C2003E337E /* DevicesList.swift in Sources */,
			);
			runOnlyForDeploymentPostprocessing = 0;
		};
		2D3756D51BC9494800009DC1 /* Sources */ = {
			isa = PBXSourcesBuildPhase;
			buildActionMask = 2147483647;
			files = (
				2D3756DE1BC9494800009DC1 /* SliderButtonsAppTests.swift in Sources */,
				2DD7F5EF1BF7729E003E337E /* DevicesListTest.swift in Sources */,
				2DD7F6031BF789FB003E337E /* PeripheralNotifiable.swift in Sources */,
				2DD7F6021BF780A6003E337E /* DevicesList.swift in Sources */,
				2DD7F6041BF78A1E003E337E /* Device.swift in Sources */,
			);
			runOnlyForDeploymentPostprocessing = 0;
		};
/* End PBXSourcesBuildPhase section */

/* Begin PBXTargetDependency section */
		2D3756DB1BC9494800009DC1 /* PBXTargetDependency */ = {
			isa = PBXTargetDependency;
			target = 2D3756C41BC9494800009DC1 /* SliderButtonsApp */;
			targetProxy = 2D3756DA1BC9494800009DC1 /* PBXContainerItemProxy */;
		};
/* End PBXTargetDependency section */

/* Begin PBXVariantGroup section */
		2D3756CC1BC9494800009DC1 /* Main.storyboard */ = {
			isa = PBXVariantGroup;
			children = (
				2D3756CD1BC9494800009DC1 /* Base */,
			);
			name = Main.storyboard;
			sourceTree = "<group>";
		};
		2D3756D11BC9494800009DC1 /* LaunchScreen.storyboard */ = {
			isa = PBXVariantGroup;
			children = (
				2D3756D21BC9494800009DC1 /* Base */,
			);
			name = LaunchScreen.storyboard;
			sourceTree = "<group>";
		};
/* End PBXVariantGroup section */

/* Begin XCBuildConfiguration section */
		2D3756EB1BC9494800009DC1 /* Debug */ = {
			isa = XCBuildConfiguration;
			buildSettings = {
				ALWAYS_SEARCH_USER_PATHS = NO;
				CLANG_CXX_LANGUAGE_STANDARD = "gnu++0x";
				CLANG_CXX_LIBRARY = "libc++";
				CLANG_ENABLE_MODULES = YES;
				CLANG_ENABLE_OBJC_ARC = YES;
				CLANG_WARN_BOOL_CONVERSION = YES;
				CLANG_WARN_CONSTANT_CONVERSION = YES;
				CLANG_WARN_DIRECT_OBJC_ISA_USAGE = YES_ERROR;
				CLANG_WARN_EMPTY_BODY = YES;
				CLANG_WARN_ENUM_CONVERSION = YES;
				CLANG_WARN_INT_CONVERSION = YES;
				CLANG_WARN_OBJC_ROOT_CLASS = YES_ERROR;
				CLANG_WARN_UNREACHABLE_CODE = YES;
				CLANG_WARN__DUPLICATE_METHOD_MATCH = YES;
				"CODE_SIGN_IDENTITY[sdk=iphoneos*]" = "iPhone Developer";
				COPY_PHASE_STRIP = NO;
				DEBUG_INFORMATION_FORMAT = dwarf;
				ENABLE_STRICT_OBJC_MSGSEND = YES;
				ENABLE_TESTABILITY = YES;
				GCC_C_LANGUAGE_STANDARD = gnu99;
				GCC_DYNAMIC_NO_PIC = NO;
				GCC_NO_COMMON_BLOCKS = YES;
				GCC_OPTIMIZATION_LEVEL = 0;
				GCC_PREPROCESSOR_DEFINITIONS = (
					"DEBUG=1",
					"$(inherited)",
				);
				GCC_WARN_64_TO_32_BIT_CONVERSION = YES;
				GCC_WARN_ABOUT_RETURN_TYPE = YES_ERROR;
				GCC_WARN_UNDECLARED_SELECTOR = YES;
				GCC_WARN_UNINITIALIZED_AUTOS = YES_AGGRESSIVE;
				GCC_WARN_UNUSED_FUNCTION = YES;
				GCC_WARN_UNUSED_VARIABLE = YES;
				IPHONEOS_DEPLOYMENT_TARGET = 9.0;
				MTL_ENABLE_DEBUG_INFO = YES;
				ONLY_ACTIVE_ARCH = YES;
				SDKROOT = iphoneos;
				SWIFT_OPTIMIZATION_LEVEL = "-Onone";
				TARGETED_DEVICE_FAMILY = "1,2";
			};
			name = Debug;
		};
		2D3756EC1BC9494800009DC1 /* Release */ = {
			isa = XCBuildConfiguration;
			buildSettings = {
				ALWAYS_SEARCH_USER_PATHS = NO;
				CLANG_CXX_LANGUAGE_STANDARD = "gnu++0x";
				CLANG_CXX_LIBRARY = "libc++";
				CLANG_ENABLE_MODULES = YES;
				CLANG_ENABLE_OBJC_ARC = YES;
				CLANG_WARN_BOOL_CONVERSION = YES;
				CLANG_WARN_CONSTANT_CONVERSION = YES;
				CLANG_WARN_DIRECT_OBJC_ISA_USAGE = YES_ERROR;
				CLANG_WARN_EMPTY_BODY = YES;
				CLANG_WARN_ENUM_CONVERSION = YES;
				CLANG_WARN_INT_CONVERSION = YES;
				CLANG_WARN_OBJC_ROOT_CLASS = YES_ERROR;
				CLANG_WARN_UNREACHABLE_CODE = YES;
				CLANG_WARN__DUPLICATE_METHOD_MATCH = YES;
				"CODE_SIGN_IDENTITY[sdk=iphoneos*]" = "iPhone Developer";
				COPY_PHASE_STRIP = NO;
				DEBUG_INFORMATION_FORMAT = "dwarf-with-dsym";
				ENABLE_NS_ASSERTIONS = NO;
				ENABLE_STRICT_OBJC_MSGSEND = YES;
				GCC_C_LANGUAGE_STANDARD = gnu99;
				GCC_NO_COMMON_BLOCKS = YES;
				GCC_WARN_64_TO_32_BIT_CONVERSION = YES;
				GCC_WARN_ABOUT_RETURN_TYPE = YES_ERROR;
				GCC_WARN_UNDECLARED_SELECTOR = YES;
				GCC_WARN_UNINITIALIZED_AUTOS = YES_AGGRESSIVE;
				GCC_WARN_UNUSED_FUNCTION = YES;
				GCC_WARN_UNUSED_VARIABLE = YES;
				IPHONEOS_DEPLOYMENT_TARGET = 9.0;
				MTL_ENABLE_DEBUG_INFO = NO;
				SDKROOT = iphoneos;
				TARGETED_DEVICE_FAMILY = "1,2";
				VALIDATE_PRODUCT = YES;
			};
			name = Release;
		};
		2D3756EE1BC9494800009DC1 /* Debug */ = {
			isa = XCBuildConfiguration;
			buildSettings = {
				ASSETCATALOG_COMPILER_APPICON_NAME = AppIcon;
				CODE_SIGN_IDENTITY = "iPhone Developer";
				INFOPLIST_FILE = SliderButtonsApp/Info.plist;
				LD_RUNPATH_SEARCH_PATHS = "$(inherited) @executable_path/Frameworks";
				PRODUCT_BUNDLE_IDENTIFIER = ch.phiber.SliderButtonsApp;
				PRODUCT_NAME = "$(TARGET_NAME)";
				TARGETED_DEVICE_FAMILY = "1,2";
			};
			name = Debug;
		};
		2D3756EF1BC9494800009DC1 /* Release */ = {
			isa = XCBuildConfiguration;
			buildSettings = {
				ASSETCATALOG_COMPILER_APPICON_NAME = AppIcon;
				CODE_SIGN_IDENTITY = "iPhone Developer";
				INFOPLIST_FILE = SliderButtonsApp/Info.plist;
				LD_RUNPATH_SEARCH_PATHS = "$(inherited) @executable_path/Frameworks";
				PRODUCT_BUNDLE_IDENTIFIER = ch.phiber.SliderButtonsApp;
				PRODUCT_NAME = "$(TARGET_NAME)";
				TARGETED_DEVICE_FAMILY = "1,2";
			};
			name = Release;
		};
		2D3756F11BC9494800009DC1 /* Debug */ = {
			isa = XCBuildConfiguration;
			buildSettings = {
				BUNDLE_LOADER = "$(TEST_HOST)";
				INFOPLIST_FILE = SliderButtonsAppTests/Info.plist;
				LD_RUNPATH_SEARCH_PATHS = "$(inherited) @executable_path/Frameworks @loader_path/Frameworks";
				PRODUCT_BUNDLE_IDENTIFIER = ch.phiber.SliderButtonsAppTests;
				PRODUCT_NAME = "$(TARGET_NAME)";
				TEST_HOST = "$(BUILT_PRODUCTS_DIR)/SliderButtonsApp.app/SliderButtonsApp";
			};
			name = Debug;
		};
		2D3756F21BC9494800009DC1 /* Release */ = {
			isa = XCBuildConfiguration;
			buildSettings = {
				BUNDLE_LOADER = "$(TEST_HOST)";
				INFOPLIST_FILE = SliderButtonsAppTests/Info.plist;
				LD_RUNPATH_SEARCH_PATHS = "$(inherited) @executable_path/Frameworks @loader_path/Frameworks";
				PRODUCT_BUNDLE_IDENTIFIER = ch.phiber.SliderButtonsAppTests;
				PRODUCT_NAME = "$(TARGET_NAME)";
				TEST_HOST = "$(BUILT_PRODUCTS_DIR)/SliderButtonsApp.app/SliderButtonsApp";
			};
			name = Release;
		};
/* End XCBuildConfiguration section */

/* Begin XCConfigurationList section */
		2D3756C01BC9494800009DC1 /* Build configuration list for PBXProject "SliderButtonsApp" */ = {
			isa = XCConfigurationList;
			buildConfigurations = (
				2D3756EB1BC9494800009DC1 /* Debug */,
				2D3756EC1BC9494800009DC1 /* Release */,
			);
			defaultConfigurationIsVisible = 0;
			defaultConfigurationName = Release;
		};
		2D3756ED1BC9494800009DC1 /* Build configuration list for PBXNativeTarget "SliderButtonsApp" */ = {
			isa = XCConfigurationList;
			buildConfigurations = (
				2D3756EE1BC9494800009DC1 /* Debug */,
				2D3756EF1BC9494800009DC1 /* Release */,
			);
			defaultConfigurationIsVisible = 0;
			defaultConfigurationName = Release;
		};
		2D3756F01BC9494800009DC1 /* Build configuration list for PBXNativeTarget "SliderButtonsAppTests" */ = {
			isa = XCConfigurationList;
			buildConfigurations = (
				2D3756F11BC9494800009DC1 /* Debug */,
				2D3756F21BC9494800009DC1 /* Release */,
			);
			defaultConfigurationIsVisible = 0;
			defaultConfigurationName = Release;
		};
/* End XCConfigurationList section */
	};
	rootObject = 2D3756BD1BC9494800009DC1 /* Project object */;
}
